// !$*UTF8*$!
{
	archiveVersion = 1;
	classes = {
	};
	objectVersion = 46;
	objects = {

/* Begin PBXBuildFile section */
		0EDB0FD319B88EC300B8554E /* Foundation.framework in Frameworks */ = {isa = PBXBuildFile; fileRef = 0EDB0FD219B88EC300B8554E /* Foundation.framework */; };
		0EDB0FD519B88EC300B8554E /* CoreGraphics.framework in Frameworks */ = {isa = PBXBuildFile; fileRef = 0EDB0FD419B88EC300B8554E /* CoreGraphics.framework */; };
		0EDB0FD719B88EC300B8554E /* UIKit.framework in Frameworks */ = {isa = PBXBuildFile; fileRef = 0EDB0FD619B88EC300B8554E /* UIKit.framework */; };
		0EDB0FD919B88EC300B8554E /* GLKit.framework in Frameworks */ = {isa = PBXBuildFile; fileRef = 0EDB0FD819B88EC300B8554E /* GLKit.framework */; };
		0EDB0FDB19B88EC300B8554E /* OpenGLES.framework in Frameworks */ = {isa = PBXBuildFile; fileRef = 0EDB0FDA19B88EC300B8554E /* OpenGLES.framework */; };
		0EDB0FE119B88EC300B8554E /* InfoPlist.strings in Resources */ = {isa = PBXBuildFile; fileRef = 0EDB0FDF19B88EC300B8554E /* InfoPlist.strings */; };
		0EDB0FE319B88EC300B8554E /* main.m in Sources */ = {isa = PBXBuildFile; fileRef = 0EDB0FE219B88EC300B8554E /* main.m */; };
		0EDB0FE719B88EC300B8554E /* EVEAppDelegate.m in Sources */ = {isa = PBXBuildFile; fileRef = 0EDB0FE619B88EC300B8554E /* EVEAppDelegate.m */; };
		0EDB0FEA19B88EC300B8554E /* Main_iPhone.storyboard in Resources */ = {isa = PBXBuildFile; fileRef = 0EDB0FE819B88EC300B8554E /* Main_iPhone.storyboard */; };
		0EDB0FED19B88EC300B8554E /* Main_iPad.storyboard in Resources */ = {isa = PBXBuildFile; fileRef = 0EDB0FEB19B88EC300B8554E /* Main_iPad.storyboard */; };
		0EDB0FEF19B88EC300B8554E /* Shader.fsh in Resources */ = {isa = PBXBuildFile; fileRef = 0EDB0FEE19B88EC300B8554E /* Shader.fsh */; };
		0EDB0FF119B88EC300B8554E /* Shader.vsh in Resources */ = {isa = PBXBuildFile; fileRef = 0EDB0FF019B88EC300B8554E /* Shader.vsh */; };
		0EDB0FF419B88EC300B8554E /* EVEViewController.m in Sources */ = {isa = PBXBuildFile; fileRef = 0EDB0FF319B88EC300B8554E /* EVEViewController.m */; };
		0EDB0FF619B88EC300B8554E /* Images.xcassets in Resources */ = {isa = PBXBuildFile; fileRef = 0EDB0FF519B88EC300B8554E /* Images.xcassets */; };
		0EDB0FFD19B88EC300B8554E /* XCTest.framework in Frameworks */ = {isa = PBXBuildFile; fileRef = 0EDB0FFC19B88EC300B8554E /* XCTest.framework */; };
		0EDB0FFE19B88EC300B8554E /* Foundation.framework in Frameworks */ = {isa = PBXBuildFile; fileRef = 0EDB0FD219B88EC300B8554E /* Foundation.framework */; };
		0EDB0FFF19B88EC300B8554E /* UIKit.framework in Frameworks */ = {isa = PBXBuildFile; fileRef = 0EDB0FD619B88EC300B8554E /* UIKit.framework */; };
		0EDB100719B88EC300B8554E /* InfoPlist.strings in Resources */ = {isa = PBXBuildFile; fileRef = 0EDB100519B88EC300B8554E /* InfoPlist.strings */; };
		0EDB100919B88EC300B8554E /* EVil_EngineTests.m in Sources */ = {isa = PBXBuildFile; fileRef = 0EDB100819B88EC300B8554E /* EVil_EngineTests.m */; };
		0EDB101819B88FD700B8554E /* ASEConverter.m in Sources */ = {isa = PBXBuildFile; fileRef = 0EDB101719B88FD700B8554E /* ASEConverter.m */; };
		0EDB102419B88FE400B8554E /* GraphMaterial.m in Sources */ = {isa = PBXBuildFile; fileRef = 0EDB101B19B88FE400B8554E /* GraphMaterial.m */; };
		0EDB102519B88FE400B8554E /* GraphMesh.m in Sources */ = {isa = PBXBuildFile; fileRef = 0EDB101D19B88FE400B8554E /* GraphMesh.m */; };
		0EDB102619B88FE400B8554E /* GraphModel.m in Sources */ = {isa = PBXBuildFile; fileRef = 0EDB101F19B88FE400B8554E /* GraphModel.m */; };
		0EDB102719B88FE400B8554E /* GraphObject.m in Sources */ = {isa = PBXBuildFile; fileRef = 0EDB102119B88FE400B8554E /* GraphObject.m */; };
		0EDB102819B88FE400B8554E /* GraphVertex.m in Sources */ = {isa = PBXBuildFile; fileRef = 0EDB102319B88FE400B8554E /* GraphVertex.m */; };
		0EDB102D19B8911A00B8554E /* Models in Resources */ = {isa = PBXBuildFile; fileRef = 0EDB102B19B8911A00B8554E /* Models */; };
		0EDB102E19B8911A00B8554E /* Textures in Resources */ = {isa = PBXBuildFile; fileRef = 0EDB102C19B8911A00B8554E /* Textures */; };
/* End PBXBuildFile section */

/* Begin PBXContainerItemProxy section */
		0EDB100019B88EC300B8554E /* PBXContainerItemProxy */ = {
			isa = PBXContainerItemProxy;
			containerPortal = 0EDB0FC719B88EC300B8554E /* Project object */;
			proxyType = 1;
			remoteGlobalIDString = 0EDB0FCE19B88EC300B8554E;
			remoteInfo = "EVil Engine";
		};
/* End PBXContainerItemProxy section */

/* Begin PBXFileReference section */
		0EDB0FCF19B88EC300B8554E /* EVil Engine.app */ = {isa = PBXFileReference; explicitFileType = wrapper.application; includeInIndex = 0; path = "EVil Engine.app"; sourceTree = BUILT_PRODUCTS_DIR; };
		0EDB0FD219B88EC300B8554E /* Foundation.framework */ = {isa = PBXFileReference; lastKnownFileType = wrapper.framework; name = Foundation.framework; path = System/Library/Frameworks/Foundation.framework; sourceTree = SDKROOT; };
		0EDB0FD419B88EC300B8554E /* CoreGraphics.framework */ = {isa = PBXFileReference; lastKnownFileType = wrapper.framework; name = CoreGraphics.framework; path = System/Library/Frameworks/CoreGraphics.framework; sourceTree = SDKROOT; };
		0EDB0FD619B88EC300B8554E /* UIKit.framework */ = {isa = PBXFileReference; lastKnownFileType = wrapper.framework; name = UIKit.framework; path = System/Library/Frameworks/UIKit.framework; sourceTree = SDKROOT; };
		0EDB0FD819B88EC300B8554E /* GLKit.framework */ = {isa = PBXFileReference; lastKnownFileType = wrapper.framework; name = GLKit.framework; path = System/Library/Frameworks/GLKit.framework; sourceTree = SDKROOT; };
		0EDB0FDA19B88EC300B8554E /* OpenGLES.framework */ = {isa = PBXFileReference; lastKnownFileType = wrapper.framework; name = OpenGLES.framework; path = System/Library/Frameworks/OpenGLES.framework; sourceTree = SDKROOT; };
		0EDB0FDE19B88EC300B8554E /* EVil Engine-Info.plist */ = {isa = PBXFileReference; lastKnownFileType = text.plist.xml; path = "EVil Engine-Info.plist"; sourceTree = "<group>"; };
		0EDB0FE019B88EC300B8554E /* en */ = {isa = PBXFileReference; lastKnownFileType = text.plist.strings; name = en; path = en.lproj/InfoPlist.strings; sourceTree = "<group>"; };
		0EDB0FE219B88EC300B8554E /* main.m */ = {isa = PBXFileReference; lastKnownFileType = sourcecode.c.objc; path = main.m; sourceTree = "<group>"; };
		0EDB0FE419B88EC300B8554E /* EVil Engine-Prefix.pch */ = {isa = PBXFileReference; lastKnownFileType = sourcecode.c.h; path = "EVil Engine-Prefix.pch"; sourceTree = "<group>"; };
		0EDB0FE519B88EC300B8554E /* EVEAppDelegate.h */ = {isa = PBXFileReference; lastKnownFileType = sourcecode.c.h; path = EVEAppDelegate.h; sourceTree = "<group>"; };
		0EDB0FE619B88EC300B8554E /* EVEAppDelegate.m */ = {isa = PBXFileReference; lastKnownFileType = sourcecode.c.objc; path = EVEAppDelegate.m; sourceTree = "<group>"; };
		0EDB0FE919B88EC300B8554E /* Base */ = {isa = PBXFileReference; lastKnownFileType = file.storyboard; name = Base; path = Base.lproj/Main_iPhone.storyboard; sourceTree = "<group>"; };
		0EDB0FEC19B88EC300B8554E /* Base */ = {isa = PBXFileReference; lastKnownFileType = file.storyboard; name = Base; path = Base.lproj/Main_iPad.storyboard; sourceTree = "<group>"; };
		0EDB0FEE19B88EC300B8554E /* Shader.fsh */ = {isa = PBXFileReference; lastKnownFileType = sourcecode.glsl; name = Shader.fsh; path = Shaders/Shader.fsh; sourceTree = "<group>"; };
		0EDB0FF019B88EC300B8554E /* Shader.vsh */ = {isa = PBXFileReference; lastKnownFileType = sourcecode.glsl; name = Shader.vsh; path = Shaders/Shader.vsh; sourceTree = "<group>"; };
		0EDB0FF219B88EC300B8554E /* EVEViewController.h */ = {isa = PBXFileReference; lastKnownFileType = sourcecode.c.h; path = EVEViewController.h; sourceTree = "<group>"; };
		0EDB0FF319B88EC300B8554E /* EVEViewController.m */ = {isa = PBXFileReference; lastKnownFileType = sourcecode.c.objc; path = EVEViewController.m; sourceTree = "<group>"; };
		0EDB0FF519B88EC300B8554E /* Images.xcassets */ = {isa = PBXFileReference; lastKnownFileType = folder.assetcatalog; path = Images.xcassets; sourceTree = "<group>"; };
		0EDB0FFB19B88EC300B8554E /* EVil EngineTests.xctest */ = {isa = PBXFileReference; explicitFileType = wrapper.cfbundle; includeInIndex = 0; path = "EVil EngineTests.xctest"; sourceTree = BUILT_PRODUCTS_DIR; };
		0EDB0FFC19B88EC300B8554E /* XCTest.framework */ = {isa = PBXFileReference; lastKnownFileType = wrapper.framework; name = XCTest.framework; path = Library/Frameworks/XCTest.framework; sourceTree = DEVELOPER_DIR; };
		0EDB100419B88EC300B8554E /* EVil EngineTests-Info.plist */ = {isa = PBXFileReference; lastKnownFileType = text.plist.xml; path = "EVil EngineTests-Info.plist"; sourceTree = "<group>"; };
		0EDB100619B88EC300B8554E /* en */ = {isa = PBXFileReference; lastKnownFileType = text.plist.strings; name = en; path = en.lproj/InfoPlist.strings; sourceTree = "<group>"; };
		0EDB100819B88EC300B8554E /* EVil_EngineTests.m */ = {isa = PBXFileReference; lastKnownFileType = sourcecode.c.objc; path = EVil_EngineTests.m; sourceTree = "<group>"; };
		0EDB101619B88FD700B8554E /* ASEConverter.h */ = {isa = PBXFileReference; fileEncoding = 4; lastKnownFileType = sourcecode.c.h; path = ASEConverter.h; sourceTree = "<group>"; };
		0EDB101719B88FD700B8554E /* ASEConverter.m */ = {isa = PBXFileReference; fileEncoding = 4; lastKnownFileType = sourcecode.c.objc; path = ASEConverter.m; sourceTree = "<group>"; };
		0EDB101919B88FE400B8554E /* GraphDrawableProtocol.h */ = {isa = PBXFileReference; fileEncoding = 4; lastKnownFileType = sourcecode.c.h; path = GraphDrawableProtocol.h; sourceTree = "<group>"; };
		0EDB101A19B88FE400B8554E /* GraphMaterial.h */ = {isa = PBXFileReference; fileEncoding = 4; lastKnownFileType = sourcecode.c.h; path = GraphMaterial.h; sourceTree = "<group>"; };
		0EDB101B19B88FE400B8554E /* GraphMaterial.m */ = {isa = PBXFileReference; fileEncoding = 4; lastKnownFileType = sourcecode.c.objc; path = GraphMaterial.m; sourceTree = "<group>"; };
		0EDB101C19B88FE400B8554E /* GraphMesh.h */ = {isa = PBXFileReference; fileEncoding = 4; lastKnownFileType = sourcecode.c.h; path = GraphMesh.h; sourceTree = "<group>"; };
		0EDB101D19B88FE400B8554E /* GraphMesh.m */ = {isa = PBXFileReference; fileEncoding = 4; lastKnownFileType = sourcecode.c.objc; path = GraphMesh.m; sourceTree = "<group>"; };
		0EDB101E19B88FE400B8554E /* GraphModel.h */ = {isa = PBXFileReference; fileEncoding = 4; lastKnownFileType = sourcecode.c.h; path = GraphModel.h; sourceTree = "<group>"; };
		0EDB101F19B88FE400B8554E /* GraphModel.m */ = {isa = PBXFileReference; fileEncoding = 4; lastKnownFileType = sourcecode.c.objc; path = GraphModel.m; sourceTree = "<group>"; };
		0EDB102019B88FE400B8554E /* GraphObject.h */ = {isa = PBXFileReference; fileEncoding = 4; lastKnownFileType = sourcecode.c.h; path = GraphObject.h; sourceTree = "<group>"; };
		0EDB102119B88FE400B8554E /* GraphObject.m */ = {isa = PBXFileReference; fileEncoding = 4; lastKnownFileType = sourcecode.c.objc; path = GraphObject.m; sourceTree = "<group>"; };
		0EDB102219B88FE400B8554E /* GraphVertex.h */ = {isa = PBXFileReference; fileEncoding = 4; lastKnownFileType = sourcecode.c.h; path = GraphVertex.h; sourceTree = "<group>"; };
		0EDB102319B88FE400B8554E /* GraphVertex.m */ = {isa = PBXFileReference; fileEncoding = 4; lastKnownFileType = sourcecode.c.objc; path = GraphVertex.m; sourceTree = "<group>"; };
		0EDB102919B8909300B8554E /* UniformProcessorProtocol.h */ = {isa = PBXFileReference; fileEncoding = 4; lastKnownFileType = sourcecode.c.h; path = UniformProcessorProtocol.h; sourceTree = "<group>"; };
		0EDB102B19B8911A00B8554E /* Models */ = {isa = PBXFileReference; lastKnownFileType = folder; path = Models; sourceTree = "<group>"; };
		0EDB102C19B8911A00B8554E /* Textures */ = {isa = PBXFileReference; lastKnownFileType = folder; path = Textures; sourceTree = "<group>"; };
/* End PBXFileReference section */

/* Begin PBXFrameworksBuildPhase section */
		0EDB0FCC19B88EC300B8554E /* Frameworks */ = {
			isa = PBXFrameworksBuildPhase;
			buildActionMask = 2147483647;
			files = (
				0EDB0FDB19B88EC300B8554E /* OpenGLES.framework in Frameworks */,
				0EDB0FD519B88EC300B8554E /* CoreGraphics.framework in Frameworks */,
				0EDB0FD719B88EC300B8554E /* UIKit.framework in Frameworks */,
				0EDB0FD919B88EC300B8554E /* GLKit.framework in Frameworks */,
				0EDB0FD319B88EC300B8554E /* Foundation.framework in Frameworks */,
			);
			runOnlyForDeploymentPostprocessing = 0;
		};
		0EDB0FF819B88EC300B8554E /* Frameworks */ = {
			isa = PBXFrameworksBuildPhase;
			buildActionMask = 2147483647;
			files = (
				0EDB0FFD19B88EC300B8554E /* XCTest.framework in Frameworks */,
				0EDB0FFF19B88EC300B8554E /* UIKit.framework in Frameworks */,
				0EDB0FFE19B88EC300B8554E /* Foundation.framework in Frameworks */,
			);
			runOnlyForDeploymentPostprocessing = 0;
		};
/* End PBXFrameworksBuildPhase section */

/* Begin PBXGroup section */
		0EDB0FC619B88EC300B8554E = {
			isa = PBXGroup;
			children = (
				0EDB0FDC19B88EC300B8554E /* EVil Engine */,
				0EDB100219B88EC300B8554E /* EVil EngineTests */,
				0EDB0FD119B88EC300B8554E /* Frameworks */,
				0EDB0FD019B88EC300B8554E /* Products */,
			);
			sourceTree = "<group>";
		};
		0EDB0FD019B88EC300B8554E /* Products */ = {
			isa = PBXGroup;
			children = (
				0EDB0FCF19B88EC300B8554E /* EVil Engine.app */,
				0EDB0FFB19B88EC300B8554E /* EVil EngineTests.xctest */,
			);
			name = Products;
			sourceTree = "<group>";
		};
		0EDB0FD119B88EC300B8554E /* Frameworks */ = {
			isa = PBXGroup;
			children = (
				0EDB0FD219B88EC300B8554E /* Foundation.framework */,
				0EDB0FD419B88EC300B8554E /* CoreGraphics.framework */,
				0EDB0FD619B88EC300B8554E /* UIKit.framework */,
				0EDB0FD819B88EC300B8554E /* GLKit.framework */,
				0EDB0FDA19B88EC300B8554E /* OpenGLES.framework */,
				0EDB0FFC19B88EC300B8554E /* XCTest.framework */,
			);
			name = Frameworks;
			sourceTree = "<group>";
		};
		0EDB0FDC19B88EC300B8554E /* EVil Engine */ = {
			isa = PBXGroup;
			children = (
				0EDB101519B88FC000B8554E /* Converter */,
				0EDB101419B88F2500B8554E /* Model Components */,
				0EDB101319B88F1A00B8554E /* Shaders */,
				0EDB102B19B8911A00B8554E /* Models */,
				0EDB102C19B8911A00B8554E /* Textures */,
				0EDB0FF219B88EC300B8554E /* EVEViewController.h */,
				0EDB0FF319B88EC300B8554E /* EVEViewController.m */,
				0EDB101219B88F0000B8554E /* App */,
				0EDB0FDD19B88EC300B8554E /* Supporting Files */,
			);
			path = "EVil Engine";
			sourceTree = "<group>";
		};
		0EDB0FDD19B88EC300B8554E /* Supporting Files */ = {
			isa = PBXGroup;
			children = (
				0EDB0FDE19B88EC300B8554E /* EVil Engine-Info.plist */,
				0EDB0FDF19B88EC300B8554E /* InfoPlist.strings */,
				0EDB0FE219B88EC300B8554E /* main.m */,
				0EDB0FE419B88EC300B8554E /* EVil Engine-Prefix.pch */,
			);
			name = "Supporting Files";
			sourceTree = "<group>";
		};
		0EDB100219B88EC300B8554E /* EVil EngineTests */ = {
			isa = PBXGroup;
			children = (
				0EDB100819B88EC300B8554E /* EVil_EngineTests.m */,
				0EDB100319B88EC300B8554E /* Supporting Files */,
			);
			path = "EVil EngineTests";
			sourceTree = "<group>";
		};
		0EDB100319B88EC300B8554E /* Supporting Files */ = {
			isa = PBXGroup;
			children = (
				0EDB100419B88EC300B8554E /* EVil EngineTests-Info.plist */,
				0EDB100519B88EC300B8554E /* InfoPlist.strings */,
			);
			name = "Supporting Files";
			sourceTree = "<group>";
		};
		0EDB101219B88F0000B8554E /* App */ = {
			isa = PBXGroup;
			children = (
				0EDB0FE519B88EC300B8554E /* EVEAppDelegate.h */,
				0EDB0FE619B88EC300B8554E /* EVEAppDelegate.m */,
				0EDB0FE819B88EC300B8554E /* Main_iPhone.storyboard */,
				0EDB0FEB19B88EC300B8554E /* Main_iPad.storyboard */,
				0EDB0FF519B88EC300B8554E /* Images.xcassets */,
			);
			name = App;
			sourceTree = "<group>";
		};
		0EDB101319B88F1A00B8554E /* Shaders */ = {
			isa = PBXGroup;
			children = (
				0EDB0FF019B88EC300B8554E /* Shader.vsh */,
				0EDB0FEE19B88EC300B8554E /* Shader.fsh */,
			);
			name = Shaders;
			sourceTree = "<group>";
		};
		0EDB101419B88F2500B8554E /* Model Components */ = {
			isa = PBXGroup;
			children = (
				0EDB101E19B88FE400B8554E /* GraphModel.h */,
				0EDB101F19B88FE400B8554E /* GraphModel.m */,
				0EDB102019B88FE400B8554E /* GraphObject.h */,
				0EDB102119B88FE400B8554E /* GraphObject.m */,
				0EDB101C19B88FE400B8554E /* GraphMesh.h */,
				0EDB101D19B88FE400B8554E /* GraphMesh.m */,
				0EDB102219B88FE400B8554E /* GraphVertex.h */,
				0EDB102319B88FE400B8554E /* GraphVertex.m */,
				0EDB101A19B88FE400B8554E /* GraphMaterial.h */,
				0EDB101B19B88FE400B8554E /* GraphMaterial.m */,
				0EDB102A19B8909C00B8554E /* Protocols */,
			);
			name = "Model Components";
			sourceTree = "<group>";
		};
		0EDB101519B88FC000B8554E /* Converter */ = {
			isa = PBXGroup;
			children = (
				0EDB101619B88FD700B8554E /* ASEConverter.h */,
				0EDB101719B88FD700B8554E /* ASEConverter.m */,
			);
			name = Converter;
			sourceTree = "<group>";
		};
		0EDB102A19B8909C00B8554E /* Protocols */ = {
			isa = PBXGroup;
			children = (
				0EDB101919B88FE400B8554E /* GraphDrawableProtocol.h */,
				0EDB102919B8909300B8554E /* UniformProcessorProtocol.h */,
			);
			name = Protocols;
			sourceTree = "<group>";
		};
/* End PBXGroup section */

/* Begin PBXNativeTarget section */
		0EDB0FCE19B88EC300B8554E /* EVil Engine */ = {
			isa = PBXNativeTarget;
			buildConfigurationList = 0EDB100C19B88EC300B8554E /* Build configuration list for PBXNativeTarget "EVil Engine" */;
			buildPhases = (
				0EDB0FCB19B88EC300B8554E /* Sources */,
				0EDB0FCC19B88EC300B8554E /* Frameworks */,
				0EDB0FCD19B88EC300B8554E /* Resources */,
			);
			buildRules = (
			);
			dependencies = (
			);
			name = "EVil Engine";
			productName = "EVil Engine";
			productReference = 0EDB0FCF19B88EC300B8554E /* EVil Engine.app */;
			productType = "com.apple.product-type.application";
		};
		0EDB0FFA19B88EC300B8554E /* EVil EngineTests */ = {
			isa = PBXNativeTarget;
			buildConfigurationList = 0EDB100F19B88EC300B8554E /* Build configuration list for PBXNativeTarget "EVil EngineTests" */;
			buildPhases = (
				0EDB0FF719B88EC300B8554E /* Sources */,
				0EDB0FF819B88EC300B8554E /* Frameworks */,
				0EDB0FF919B88EC300B8554E /* Resources */,
			);
			buildRules = (
			);
			dependencies = (
				0EDB100119B88EC300B8554E /* PBXTargetDependency */,
			);
			name = "EVil EngineTests";
			productName = "EVil EngineTests";
			productReference = 0EDB0FFB19B88EC300B8554E /* EVil EngineTests.xctest */;
			productType = "com.apple.product-type.bundle.unit-test";
		};
/* End PBXNativeTarget section */

/* Begin PBXProject section */
		0EDB0FC719B88EC300B8554E /* Project object */ = {
			isa = PBXProject;
			attributes = {
				CLASSPREFIX = EVE;
				LastUpgradeCheck = 0510;
				ORGANIZATIONNAME = "EVil corp.";
				TargetAttributes = {
					0EDB0FFA19B88EC300B8554E = {
						TestTargetID = 0EDB0FCE19B88EC300B8554E;
					};
				};
			};
			buildConfigurationList = 0EDB0FCA19B88EC300B8554E /* Build configuration list for PBXProject "EVil Engine" */;
			compatibilityVersion = "Xcode 3.2";
			developmentRegion = English;
			hasScannedForEncodings = 0;
			knownRegions = (
				en,
				Base,
			);
			mainGroup = 0EDB0FC619B88EC300B8554E;
			productRefGroup = 0EDB0FD019B88EC300B8554E /* Products */;
			projectDirPath = "";
			projectRoot = "";
			targets = (
				0EDB0FCE19B88EC300B8554E /* EVil Engine */,
				0EDB0FFA19B88EC300B8554E /* EVil EngineTests */,
			);
		};
/* End PBXProject section */

/* Begin PBXResourcesBuildPhase section */
		0EDB0FCD19B88EC300B8554E /* Resources */ = {
			isa = PBXResourcesBuildPhase;
			buildActionMask = 2147483647;
			files = (
				0EDB0FEF19B88EC300B8554E /* Shader.fsh in Resources */,
				0EDB0FED19B88EC300B8554E /* Main_iPad.storyboard in Resources */,
				0EDB0FEA19B88EC300B8554E /* Main_iPhone.storyboard in Resources */,
				0EDB0FF619B88EC300B8554E /* Images.xcassets in Resources */,
				0EDB102E19B8911A00B8554E /* Textures in Resources */,
				0EDB0FE119B88EC300B8554E /* InfoPlist.strings in Resources */,
				0EDB102D19B8911A00B8554E /* Models in Resources */,
				0EDB0FF119B88EC300B8554E /* Shader.vsh in Resources */,
			);
			runOnlyForDeploymentPostprocessing = 0;
		};
		0EDB0FF919B88EC300B8554E /* Resources */ = {
			isa = PBXResourcesBuildPhase;
			buildActionMask = 2147483647;
			files = (
				0EDB100719B88EC300B8554E /* InfoPlist.strings in Resources */,
			);
			runOnlyForDeploymentPostprocessing = 0;
		};
/* End PBXResourcesBuildPhase section */

/* Begin PBXSourcesBuildPhase section */
		0EDB0FCB19B88EC300B8554E /* Sources */ = {
			isa = PBXSourcesBuildPhase;
			buildActionMask = 2147483647;
			files = (
				0EDB102419B88FE400B8554E /* GraphMaterial.m in Sources */,
				0EDB102719B88FE400B8554E /* GraphObject.m in Sources */,
				0EDB0FF419B88EC300B8554E /* EVEViewController.m in Sources */,
				0EDB0FE319B88EC300B8554E /* main.m in Sources */,
				0EDB102819B88FE400B8554E /* GraphVertex.m in Sources */,
				0EDB102619B88FE400B8554E /* GraphModel.m in Sources */,
				0EDB102519B88FE400B8554E /* GraphMesh.m in Sources */,
				0EDB101819B88FD700B8554E /* ASEConverter.m in Sources */,
				0EDB0FE719B88EC300B8554E /* EVEAppDelegate.m in Sources */,
			);
			runOnlyForDeploymentPostprocessing = 0;
		};
		0EDB0FF719B88EC300B8554E /* Sources */ = {
			isa = PBXSourcesBuildPhase;
			buildActionMask = 2147483647;
			files = (
				0EDB100919B88EC300B8554E /* EVil_EngineTests.m in Sources */,
			);
			runOnlyForDeploymentPostprocessing = 0;
		};
/* End PBXSourcesBuildPhase section */

/* Begin PBXTargetDependency section */
		0EDB100119B88EC300B8554E /* PBXTargetDependency */ = {
			isa = PBXTargetDependency;
			target = 0EDB0FCE19B88EC300B8554E /* EVil Engine */;
			targetProxy = 0EDB100019B88EC300B8554E /* PBXContainerItemProxy */;
		};
/* End PBXTargetDependency section */

/* Begin PBXVariantGroup section */
		0EDB0FDF19B88EC300B8554E /* InfoPlist.strings */ = {
			isa = PBXVariantGroup;
			children = (
				0EDB0FE019B88EC300B8554E /* en */,
			);
			name = InfoPlist.strings;
			sourceTree = "<group>";
		};
		0EDB0FE819B88EC300B8554E /* Main_iPhone.storyboard */ = {
			isa = PBXVariantGroup;
			children = (
				0EDB0FE919B88EC300B8554E /* Base */,
			);
			name = Main_iPhone.storyboard;
			sourceTree = "<group>";
		};
		0EDB0FEB19B88EC300B8554E /* Main_iPad.storyboard */ = {
			isa = PBXVariantGroup;
			children = (
				0EDB0FEC19B88EC300B8554E /* Base */,
			);
			name = Main_iPad.storyboard;
			sourceTree = "<group>";
		};
		0EDB100519B88EC300B8554E /* InfoPlist.strings */ = {
			isa = PBXVariantGroup;
			children = (
				0EDB100619B88EC300B8554E /* en */,
			);
			name = InfoPlist.strings;
			sourceTree = "<group>";
		};
/* End PBXVariantGroup section */

/* Begin XCBuildConfiguration section */
		0EDB100A19B88EC300B8554E /* Debug */ = {
			isa = XCBuildConfiguration;
			buildSettings = {
				ALWAYS_SEARCH_USER_PATHS = NO;
				CLANG_CXX_LANGUAGE_STANDARD = "gnu++0x";
				CLANG_CXX_LIBRARY = "libc++";
				CLANG_ENABLE_MODULES = YES;
				CLANG_ENABLE_OBJC_ARC = YES;
				CLANG_WARN_BOOL_CONVERSION = YES;
				CLANG_WARN_CONSTANT_CONVERSION = YES;
				CLANG_WARN_DIRECT_OBJC_ISA_USAGE = YES_ERROR;
				CLANG_WARN_EMPTY_BODY = YES;
				CLANG_WARN_ENUM_CONVERSION = YES;
				CLANG_WARN_INT_CONVERSION = YES;
				CLANG_WARN_OBJC_ROOT_CLASS = YES_ERROR;
				CLANG_WARN__DUPLICATE_METHOD_MATCH = YES;
				"CODE_SIGN_IDENTITY[sdk=iphoneos*]" = "iPhone Developer";
				COPY_PHASE_STRIP = NO;
				GCC_C_LANGUAGE_STANDARD = gnu99;
				GCC_DYNAMIC_NO_PIC = NO;
				GCC_OPTIMIZATION_LEVEL = 0;
				GCC_PREPROCESSOR_DEFINITIONS = (
					"DEBUG=1",
					"$(inherited)",
				);
				GCC_SYMBOLS_PRIVATE_EXTERN = NO;
				GCC_WARN_64_TO_32_BIT_CONVERSION = YES;
				GCC_WARN_ABOUT_RETURN_TYPE = YES_ERROR;
				GCC_WARN_UNDECLARED_SELECTOR = YES;
				GCC_WARN_UNINITIALIZED_AUTOS = YES_AGGRESSIVE;
				GCC_WARN_UNUSED_FUNCTION = YES;
				GCC_WARN_UNUSED_VARIABLE = YES;
				IPHONEOS_DEPLOYMENT_TARGET = 7.1;
				ONLY_ACTIVE_ARCH = YES;
				SDKROOT = iphoneos;
				TARGETED_DEVICE_FAMILY = "1,2";
			};
			name = Debug;
		};
		0EDB100B19B88EC300B8554E /* Release */ = {
			isa = XCBuildConfiguration;
			buildSettings = {
				ALWAYS_SEARCH_USER_PATHS = NO;
				CLANG_CXX_LANGUAGE_STANDARD = "gnu++0x";
				CLANG_CXX_LIBRARY = "libc++";
				CLANG_ENABLE_MODULES = YES;
				CLANG_ENABLE_OBJC_ARC = YES;
				CLANG_WARN_BOOL_CONVERSION = YES;
				CLANG_WARN_CONSTANT_CONVERSION = YES;
				CLANG_WARN_DIRECT_OBJC_ISA_USAGE = YES_ERROR;
				CLANG_WARN_EMPTY_BODY = YES;
				CLANG_WARN_ENUM_CONVERSION = YES;
				CLANG_WARN_INT_CONVERSION = YES;
				CLANG_WARN_OBJC_ROOT_CLASS = YES_ERROR;
				CLANG_WARN__DUPLICATE_METHOD_MATCH = YES;
				"CODE_SIGN_IDENTITY[sdk=iphoneos*]" = "iPhone Developer";
				COPY_PHASE_STRIP = YES;
				ENABLE_NS_ASSERTIONS = NO;
				GCC_C_LANGUAGE_STANDARD = gnu99;
				GCC_WARN_64_TO_32_BIT_CONVERSION = YES;
				GCC_WARN_ABOUT_RETURN_TYPE = YES_ERROR;
				GCC_WARN_UNDECLARED_SELECTOR = YES;
				GCC_WARN_UNINITIALIZED_AUTOS = YES_AGGRESSIVE;
				GCC_WARN_UNUSED_FUNCTION = YES;
				GCC_WARN_UNUSED_VARIABLE = YES;
				IPHONEOS_DEPLOYMENT_TARGET = 7.1;
				SDKROOT = iphoneos;
				TARGETED_DEVICE_FAMILY = "1,2";
				VALIDATE_PRODUCT = YES;
			};
			name = Release;
		};
		0EDB100D19B88EC300B8554E /* Debug */ = {
			isa = XCBuildConfiguration;
			buildSettings = {
				ASSETCATALOG_COMPILER_APPICON_NAME = AppIcon;
				ASSETCATALOG_COMPILER_LAUNCHIMAGE_NAME = LaunchImage;
				GCC_PRECOMPILE_PREFIX_HEADER = YES;
				GCC_PREFIX_HEADER = "EVil Engine/EVil Engine-Prefix.pch";
				INFOPLIST_FILE = "EVil Engine/EVil Engine-Info.plist";
				PRODUCT_NAME = "$(TARGET_NAME)";
				WRAPPER_EXTENSION = app;
			};
			name = Debug;
		};
		0EDB100E19B88EC300B8554E /* Release */ = {
			isa = XCBuildConfiguration;
			buildSettings = {
				ASSETCATALOG_COMPILER_APPICON_NAME = AppIcon;
				ASSETCATALOG_COMPILER_LAUNCHIMAGE_NAME = LaunchImage;
				GCC_PRECOMPILE_PREFIX_HEADER = YES;
				GCC_PREFIX_HEADER = "EVil Engine/EVil Engine-Prefix.pch";
				INFOPLIST_FILE = "EVil Engine/EVil Engine-Info.plist";
				PRODUCT_NAME = "$(TARGET_NAME)";
				WRAPPER_EXTENSION = app;
			};
			name = Release;
		};
		0EDB101019B88EC300B8554E /* Debug */ = {
			isa = XCBuildConfiguration;
			buildSettings = {
				BUNDLE_LOADER = "$(BUILT_PRODUCTS_DIR)/EVil Engine.app/EVil Engine";
				FRAMEWORK_SEARCH_PATHS = (
					"$(SDKROOT)/Developer/Library/Frameworks",
					"$(inherited)",
					"$(DEVELOPER_FRAMEWORKS_DIR)",
				);
				GCC_PRECOMPILE_PREFIX_HEADER = YES;
				GCC_PREFIX_HEADER = "EVil Engine/EVil Engine-Prefix.pch";
				GCC_PREPROCESSOR_DEFINITIONS = (
					"DEBUG=1",
					"$(inherited)",
				);
				INFOPLIST_FILE = "EVil EngineTests/EVil EngineTests-Info.plist";
				PRODUCT_NAME = "$(TARGET_NAME)";
				TEST_HOST = "$(BUNDLE_LOADER)";
				WRAPPER_EXTENSION = xctest;
			};
			name = Debug;
		};
		0EDB101119B88EC300B8554E /* Release */ = {
			isa = XCBuildConfiguration;
			buildSettings = {
				BUNDLE_LOADER = "$(BUILT_PRODUCTS_DIR)/EVil Engine.app/EVil Engine";
				FRAMEWORK_SEARCH_PATHS = (
					"$(SDKROOT)/Developer/Library/Frameworks",
					"$(inherited)",
					"$(DEVELOPER_FRAMEWORKS_DIR)",
				);
				GCC_PRECOMPILE_PREFIX_HEADER = YES;
				GCC_PREFIX_HEADER = "EVil Engine/EVil Engine-Prefix.pch";
				INFOPLIST_FILE = "EVil EngineTests/EVil EngineTests-Info.plist";
				PRODUCT_NAME = "$(TARGET_NAME)";
				TEST_HOST = "$(BUNDLE_LOADER)";
				WRAPPER_EXTENSION = xctest;
			};
			name = Release;
		};
/* End XCBuildConfiguration section */

/* Begin XCConfigurationList section */
		0EDB0FCA19B88EC300B8554E /* Build configuration list for PBXProject "EVil Engine" */ = {
			isa = XCConfigurationList;
			buildConfigurations = (
				0EDB100A19B88EC300B8554E /* Debug */,
				0EDB100B19B88EC300B8554E /* Release */,
			);
			defaultConfigurationIsVisible = 0;
			defaultConfigurationName = Release;
		};
		0EDB100C19B88EC300B8554E /* Build configuration list for PBXNativeTarget "EVil Engine" */ = {
			isa = XCConfigurationList;
			buildConfigurations = (
				0EDB100D19B88EC300B8554E /* Debug */,
				0EDB100E19B88EC300B8554E /* Release */,
			);
			defaultConfigurationIsVisible = 0;
		};
		0EDB100F19B88EC300B8554E /* Build configuration list for PBXNativeTarget "EVil EngineTests" */ = {
			isa = XCConfigurationList;
			buildConfigurations = (
				0EDB101019B88EC300B8554E /* Debug */,
				0EDB101119B88EC300B8554E /* Release */,
			);
			defaultConfigurationIsVisible = 0;
		};
/* End XCConfigurationList section */
	};
	rootObject = 0EDB0FC719B88EC300B8554E /* Project object */;
}
